// !$*UTF8*$!
{
	archiveVersion = 1;
	classes = {
	};
	objectVersion = 56;
	objects = {

/* Begin PBXBuildFile section */
		120E919A28F4EE0C00ED5518 /* FirebaseAnalyticsWithoutAdIdSupport in Frameworks */ = {isa = PBXBuildFile; productRef = 120E919928F4EE0C00ED5518 /* FirebaseAnalyticsWithoutAdIdSupport */; };
		120E919C28F4EE0C00ED5518 /* FirebaseCrashlytics in Frameworks */ = {isa = PBXBuildFile; productRef = 120E919B28F4EE0C00ED5518 /* FirebaseCrashlytics */; };
		120E919E28F4EE0C00ED5518 /* FirebaseMessaging in Frameworks */ = {isa = PBXBuildFile; productRef = 120E919D28F4EE0C00ED5518 /* FirebaseMessaging */; };
		1271DAD128F794140026A7A6 /* Realm in Frameworks */ = {isa = PBXBuildFile; productRef = 1271DAD028F794140026A7A6 /* Realm */; };
		1271DAD328F794140026A7A6 /* RealmSwift in Frameworks */ = {isa = PBXBuildFile; productRef = 1271DAD228F794140026A7A6 /* RealmSwift */; };
		1271DAD528F799FE0026A7A6 /* Todo.swift in Sources */ = {isa = PBXBuildFile; fileRef = 1271DAD428F799FE0026A7A6 /* Todo.swift */; };
		1271DAD728F79BAB0026A7A6 /* MigrationViewController.swift in Sources */ = {isa = PBXBuildFile; fileRef = 1271DAD628F79BAB0026A7A6 /* MigrationViewController.swift */; };
		127D9B5E28ED15B600A6B08B /* AppDelegate.swift in Sources */ = {isa = PBXBuildFile; fileRef = 127D9B5D28ED15B600A6B08B /* AppDelegate.swift */; };
		127D9B6028ED15B600A6B08B /* SceneDelegate.swift in Sources */ = {isa = PBXBuildFile; fileRef = 127D9B5F28ED15B600A6B08B /* SceneDelegate.swift */; };
		127D9B6228ED15B600A6B08B /* ViewController.swift in Sources */ = {isa = PBXBuildFile; fileRef = 127D9B6128ED15B600A6B08B /* ViewController.swift */; };
		127D9B6528ED15B600A6B08B /* Main.storyboard in Resources */ = {isa = PBXBuildFile; fileRef = 127D9B6328ED15B600A6B08B /* Main.storyboard */; };
		127D9B6728ED15B600A6B08B /* Assets.xcassets in Resources */ = {isa = PBXBuildFile; fileRef = 127D9B6628ED15B600A6B08B /* Assets.xcassets */; };
		127D9B6A28ED15B600A6B08B /* LaunchScreen.storyboard in Resources */ = {isa = PBXBuildFile; fileRef = 127D9B6828ED15B600A6B08B /* LaunchScreen.storyboard */; };
		127D9B7228ED1DA500A6B08B /* GoogleService-Info.plist in Resources */ = {isa = PBXBuildFile; fileRef = 127D9B7128ED1DA500A6B08B /* GoogleService-Info.plist */; };
		128CAF6C28FE4DB600B69F3A /* SampleCollectionViewController.swift in Sources */ = {isa = PBXBuildFile; fileRef = 128CAF6B28FE4DB600B69F3A /* SampleCollectionViewController.swift */; };
/* End PBXBuildFile section */

/* Begin PBXFileReference section */
		120E919F28F4F23E00ED5518 /* SeSACFirebase.entitlements */ = {isa = PBXFileReference; lastKnownFileType = text.plist.entitlements; path = SeSACFirebase.entitlements; sourceTree = "<group>"; };
		1271DAD428F799FE0026A7A6 /* Todo.swift */ = {isa = PBXFileReference; lastKnownFileType = sourcecode.swift; path = Todo.swift; sourceTree = "<group>"; };
		1271DAD628F79BAB0026A7A6 /* MigrationViewController.swift */ = {isa = PBXFileReference; lastKnownFileType = sourcecode.swift; path = MigrationViewController.swift; sourceTree = "<group>"; };
		127D9B5A28ED15B600A6B08B /* SeSACFirebase.app */ = {isa = PBXFileReference; explicitFileType = wrapper.application; includeInIndex = 0; path = SeSACFirebase.app; sourceTree = BUILT_PRODUCTS_DIR; };
		127D9B5D28ED15B600A6B08B /* AppDelegate.swift */ = {isa = PBXFileReference; lastKnownFileType = sourcecode.swift; path = AppDelegate.swift; sourceTree = "<group>"; };
		127D9B5F28ED15B600A6B08B /* SceneDelegate.swift */ = {isa = PBXFileReference; lastKnownFileType = sourcecode.swift; path = SceneDelegate.swift; sourceTree = "<group>"; };
		127D9B6128ED15B600A6B08B /* ViewController.swift */ = {isa = PBXFileReference; lastKnownFileType = sourcecode.swift; path = ViewController.swift; sourceTree = "<group>"; };
		127D9B6428ED15B600A6B08B /* Base */ = {isa = PBXFileReference; lastKnownFileType = file.storyboard; name = Base; path = Base.lproj/Main.storyboard; sourceTree = "<group>"; };
		127D9B6628ED15B600A6B08B /* Assets.xcassets */ = {isa = PBXFileReference; lastKnownFileType = folder.assetcatalog; path = Assets.xcassets; sourceTree = "<group>"; };
		127D9B6928ED15B600A6B08B /* Base */ = {isa = PBXFileReference; lastKnownFileType = file.storyboard; name = Base; path = Base.lproj/LaunchScreen.storyboard; sourceTree = "<group>"; };
		127D9B6B28ED15B600A6B08B /* Info.plist */ = {isa = PBXFileReference; lastKnownFileType = text.plist.xml; path = Info.plist; sourceTree = "<group>"; };
		127D9B7128ED1DA500A6B08B /* GoogleService-Info.plist */ = {isa = PBXFileReference; fileEncoding = 4; lastKnownFileType = text.plist.xml; path = "GoogleService-Info.plist"; sourceTree = "<group>"; };
		128CAF6B28FE4DB600B69F3A /* SampleCollectionViewController.swift */ = {isa = PBXFileReference; lastKnownFileType = sourcecode.swift; path = SampleCollectionViewController.swift; sourceTree = "<group>"; };
/* End PBXFileReference section */

/* Begin PBXFrameworksBuildPhase section */
		127D9B5728ED15B600A6B08B /* Frameworks */ = {
			isa = PBXFrameworksBuildPhase;
			buildActionMask = 2147483647;
			files = (
				120E919E28F4EE0C00ED5518 /* FirebaseMessaging in Frameworks */,
				120E919A28F4EE0C00ED5518 /* FirebaseAnalyticsWithoutAdIdSupport in Frameworks */,
				1271DAD128F794140026A7A6 /* Realm in Frameworks */,
				1271DAD328F794140026A7A6 /* RealmSwift in Frameworks */,
				120E919C28F4EE0C00ED5518 /* FirebaseCrashlytics in Frameworks */,
			);
			runOnlyForDeploymentPostprocessing = 0;
		};
/* End PBXFrameworksBuildPhase section */

/* Begin PBXGroup section */
		127D9B5128ED15B600A6B08B = {
			isa = PBXGroup;
			children = (
				127D9B5C28ED15B600A6B08B /* SeSACFirebase */,
				127D9B5B28ED15B600A6B08B /* Products */,
			);
			sourceTree = "<group>";
		};
		127D9B5B28ED15B600A6B08B /* Products */ = {
			isa = PBXGroup;
			children = (
				127D9B5A28ED15B600A6B08B /* SeSACFirebase.app */,
			);
			name = Products;
			sourceTree = "<group>";
		};
		127D9B5C28ED15B600A6B08B /* SeSACFirebase */ = {
			isa = PBXGroup;
			children = (
				120E919F28F4F23E00ED5518 /* SeSACFirebase.entitlements */,
				127D9B5D28ED15B600A6B08B /* AppDelegate.swift */,
				127D9B5F28ED15B600A6B08B /* SceneDelegate.swift */,
				127D9B6128ED15B600A6B08B /* ViewController.swift */,
				127D9B6328ED15B600A6B08B /* Main.storyboard */,
				128CAF6B28FE4DB600B69F3A /* SampleCollectionViewController.swift */,
				127D9B6628ED15B600A6B08B /* Assets.xcassets */,
				127D9B6828ED15B600A6B08B /* LaunchScreen.storyboard */,
				127D9B6B28ED15B600A6B08B /* Info.plist */,
				127D9B7128ED1DA500A6B08B /* GoogleService-Info.plist */,
				1271DAD428F799FE0026A7A6 /* Todo.swift */,
				1271DAD628F79BAB0026A7A6 /* MigrationViewController.swift */,
			);
			path = SeSACFirebase;
			sourceTree = "<group>";
		};
/* End PBXGroup section */

/* Begin PBXNativeTarget section */
		127D9B5928ED15B600A6B08B /* SeSACFirebase */ = {
			isa = PBXNativeTarget;
			buildConfigurationList = 127D9B6E28ED15B600A6B08B /* Build configuration list for PBXNativeTarget "SeSACFirebase" */;
			buildPhases = (
				127D9B5628ED15B600A6B08B /* Sources */,
				127D9B5728ED15B600A6B08B /* Frameworks */,
				127D9B5828ED15B600A6B08B /* Resources */,
				127D9B7B28ED2E6A00A6B08B /* ShellScript */,
			);
			buildRules = (
			);
			dependencies = (
			);
			name = SeSACFirebase;
			packageProductDependencies = (
				120E919928F4EE0C00ED5518 /* FirebaseAnalyticsWithoutAdIdSupport */,
				120E919B28F4EE0C00ED5518 /* FirebaseCrashlytics */,
				120E919D28F4EE0C00ED5518 /* FirebaseMessaging */,
				1271DAD028F794140026A7A6 /* Realm */,
				1271DAD228F794140026A7A6 /* RealmSwift */,
			);
			productName = SeSACFirebase;
			productReference = 127D9B5A28ED15B600A6B08B /* SeSACFirebase.app */;
			productType = "com.apple.product-type.application";
		};
/* End PBXNativeTarget section */

/* Begin PBXProject section */
		127D9B5228ED15B600A6B08B /* Project object */ = {
			isa = PBXProject;
			attributes = {
				BuildIndependentTargetsInParallel = 1;
				LastSwiftUpdateCheck = 1400;
				LastUpgradeCheck = 1400;
				TargetAttributes = {
					127D9B5928ED15B600A6B08B = {
						CreatedOnToolsVersion = 14.0;
					};
				};
			};
			buildConfigurationList = 127D9B5528ED15B600A6B08B /* Build configuration list for PBXProject "SeSACFirebase" */;
			compatibilityVersion = "Xcode 14.0";
			developmentRegion = en;
			hasScannedForEncodings = 0;
			knownRegions = (
				en,
				Base,
			);
			mainGroup = 127D9B5128ED15B600A6B08B;
			packageReferences = (
				120E919828F4EE0C00ED5518 /* XCRemoteSwiftPackageReference "firebase-ios-sdk" */,
				1271DACF28F794140026A7A6 /* XCRemoteSwiftPackageReference "realm-swift" */,
			);
			productRefGroup = 127D9B5B28ED15B600A6B08B /* Products */;
			projectDirPath = "";
			projectRoot = "";
			targets = (
				127D9B5928ED15B600A6B08B /* SeSACFirebase */,
			);
		};
/* End PBXProject section */

/* Begin PBXResourcesBuildPhase section */
		127D9B5828ED15B600A6B08B /* Resources */ = {
			isa = PBXResourcesBuildPhase;
			buildActionMask = 2147483647;
			files = (
				127D9B6A28ED15B600A6B08B /* LaunchScreen.storyboard in Resources */,
				127D9B7228ED1DA500A6B08B /* GoogleService-Info.plist in Resources */,
				127D9B6728ED15B600A6B08B /* Assets.xcassets in Resources */,
				127D9B6528ED15B600A6B08B /* Main.storyboard in Resources */,
			);
			runOnlyForDeploymentPostprocessing = 0;
		};
/* End PBXResourcesBuildPhase section */

/* Begin PBXShellScriptBuildPhase section */
		127D9B7B28ED2E6A00A6B08B /* ShellScript */ = {
			isa = PBXShellScriptBuildPhase;
			buildActionMask = 2147483647;
			files = (
			);
			inputFileListPaths = (
			);
			inputPaths = (
				"$(SRCROOT)/${DWARF_DSYM_FOLDER_PATH}/${DWARF_DSYM_FILE_NAME}/Contents/Resources/DWARF/${TARGET_NAME}",
				"$(SRCROOT)/$(BUILT_PRODUCTS_DIR)/$(INFOPLIST_PATH)",
			);
			outputFileListPaths = (
			);
			outputPaths = (
			);
			runOnlyForDeploymentPostprocessing = 0;
			shellPath = /bin/sh;
			shellScript = "# Type a script or drag a script file from your workspace to insert its path.\n\"${BUILD_DIR%/Build/*}/SourcePackages/checkouts/firebase-ios-sdk/Crashlytics/run\"\n";
		};
/* End PBXShellScriptBuildPhase section */

/* Begin PBXSourcesBuildPhase section */
		127D9B5628ED15B600A6B08B /* Sources */ = {
			isa = PBXSourcesBuildPhase;
			buildActionMask = 2147483647;
			files = (
				127D9B6228ED15B600A6B08B /* ViewController.swift in Sources */,
				127D9B5E28ED15B600A6B08B /* AppDelegate.swift in Sources */,
				1271DAD728F79BAB0026A7A6 /* MigrationViewController.swift in Sources */,
				127D9B6028ED15B600A6B08B /* SceneDelegate.swift in Sources */,
				128CAF6C28FE4DB600B69F3A /* SampleCollectionViewController.swift in Sources */,
				1271DAD528F799FE0026A7A6 /* Todo.swift in Sources */,
			);
			runOnlyForDeploymentPostprocessing = 0;
		};
/* End PBXSourcesBuildPhase section */

/* Begin PBXVariantGroup section */
		127D9B6328ED15B600A6B08B /* Main.storyboard */ = {
			isa = PBXVariantGroup;
			children = (
				127D9B6428ED15B600A6B08B /* Base */,
			);
			name = Main.storyboard;
			sourceTree = "<group>";
		};
		127D9B6828ED15B600A6B08B /* LaunchScreen.storyboard */ = {
			isa = PBXVariantGroup;
			children = (
				127D9B6928ED15B600A6B08B /* Base */,
			);
			name = LaunchScreen.storyboard;
			sourceTree = "<group>";
		};
/* End PBXVariantGroup section */

/* Begin XCBuildConfiguration section */
		127D9B6C28ED15B600A6B08B /* Debug */ = {
			isa = XCBuildConfiguration;
			buildSettings = {
				ALWAYS_SEARCH_USER_PATHS = NO;
				CLANG_ANALYZER_NONNULL = YES;
				CLANG_ANALYZER_NUMBER_OBJECT_CONVERSION = YES_AGGRESSIVE;
				CLANG_CXX_LANGUAGE_STANDARD = "gnu++20";
				CLANG_ENABLE_MODULES = YES;
				CLANG_ENABLE_OBJC_ARC = YES;
				CLANG_ENABLE_OBJC_WEAK = YES;
				CLANG_WARN_BLOCK_CAPTURE_AUTORELEASING = YES;
				CLANG_WARN_BOOL_CONVERSION = YES;
				CLANG_WARN_COMMA = YES;
				CLANG_WARN_CONSTANT_CONVERSION = YES;
				CLANG_WARN_DEPRECATED_OBJC_IMPLEMENTATIONS = YES;
				CLANG_WARN_DIRECT_OBJC_ISA_USAGE = YES_ERROR;
				CLANG_WARN_DOCUMENTATION_COMMENTS = YES;
				CLANG_WARN_EMPTY_BODY = YES;
				CLANG_WARN_ENUM_CONVERSION = YES;
				CLANG_WARN_INFINITE_RECURSION = YES;
				CLANG_WARN_INT_CONVERSION = YES;
				CLANG_WARN_NON_LITERAL_NULL_CONVERSION = YES;
				CLANG_WARN_OBJC_IMPLICIT_RETAIN_SELF = YES;
				CLANG_WARN_OBJC_LITERAL_CONVERSION = YES;
				CLANG_WARN_OBJC_ROOT_CLASS = YES_ERROR;
				CLANG_WARN_QUOTED_INCLUDE_IN_FRAMEWORK_HEADER = YES;
				CLANG_WARN_RANGE_LOOP_ANALYSIS = YES;
				CLANG_WARN_STRICT_PROTOTYPES = YES;
				CLANG_WARN_SUSPICIOUS_MOVE = YES;
				CLANG_WARN_UNGUARDED_AVAILABILITY = YES_AGGRESSIVE;
				CLANG_WARN_UNREACHABLE_CODE = YES;
				CLANG_WARN__DUPLICATE_METHOD_MATCH = YES;
				COPY_PHASE_STRIP = NO;
				DEBUG_INFORMATION_FORMAT = dwarf;
				ENABLE_STRICT_OBJC_MSGSEND = YES;
				ENABLE_TESTABILITY = YES;
				GCC_C_LANGUAGE_STANDARD = gnu11;
				GCC_DYNAMIC_NO_PIC = NO;
				GCC_NO_COMMON_BLOCKS = YES;
				GCC_OPTIMIZATION_LEVEL = 0;
				GCC_PREPROCESSOR_DEFINITIONS = (
					"DEBUG=1",
					"$(inherited)",
				);
				GCC_WARN_64_TO_32_BIT_CONVERSION = YES;
				GCC_WARN_ABOUT_RETURN_TYPE = YES_ERROR;
				GCC_WARN_UNDECLARED_SELECTOR = YES;
				GCC_WARN_UNINITIALIZED_AUTOS = YES_AGGRESSIVE;
				GCC_WARN_UNUSED_FUNCTION = YES;
				GCC_WARN_UNUSED_VARIABLE = YES;
				IPHONEOS_DEPLOYMENT_TARGET = 16.0;
				MTL_ENABLE_DEBUG_INFO = INCLUDE_SOURCE;
				MTL_FAST_MATH = YES;
				ONLY_ACTIVE_ARCH = YES;
				SDKROOT = iphoneos;
				SWIFT_ACTIVE_COMPILATION_CONDITIONS = DEBUG;
				SWIFT_OPTIMIZATION_LEVEL = "-Onone";
			};
			name = Debug;
		};
		127D9B6D28ED15B600A6B08B /* Release */ = {
			isa = XCBuildConfiguration;
			buildSettings = {
				ALWAYS_SEARCH_USER_PATHS = NO;
				CLANG_ANALYZER_NONNULL = YES;
				CLANG_ANALYZER_NUMBER_OBJECT_CONVERSION = YES_AGGRESSIVE;
				CLANG_CXX_LANGUAGE_STANDARD = "gnu++20";
				CLANG_ENABLE_MODULES = YES;
				CLANG_ENABLE_OBJC_ARC = YES;
				CLANG_ENABLE_OBJC_WEAK = YES;
				CLANG_WARN_BLOCK_CAPTURE_AUTORELEASING = YES;
				CLANG_WARN_BOOL_CONVERSION = YES;
				CLANG_WARN_COMMA = YES;
				CLANG_WARN_CONSTANT_CONVERSION = YES;
				CLANG_WARN_DEPRECATED_OBJC_IMPLEMENTATIONS = YES;
				CLANG_WARN_DIRECT_OBJC_ISA_USAGE = YES_ERROR;
				CLANG_WARN_DOCUMENTATION_COMMENTS = YES;
				CLANG_WARN_EMPTY_BODY = YES;
				CLANG_WARN_ENUM_CONVERSION = YES;
				CLANG_WARN_INFINITE_RECURSION = YES;
				CLANG_WARN_INT_CONVERSION = YES;
				CLANG_WARN_NON_LITERAL_NULL_CONVERSION = YES;
				CLANG_WARN_OBJC_IMPLICIT_RETAIN_SELF = YES;
				CLANG_WARN_OBJC_LITERAL_CONVERSION = YES;
				CLANG_WARN_OBJC_ROOT_CLASS = YES_ERROR;
				CLANG_WARN_QUOTED_INCLUDE_IN_FRAMEWORK_HEADER = YES;
				CLANG_WARN_RANGE_LOOP_ANALYSIS = YES;
				CLANG_WARN_STRICT_PROTOTYPES = YES;
				CLANG_WARN_SUSPICIOUS_MOVE = YES;
				CLANG_WARN_UNGUARDED_AVAILABILITY = YES_AGGRESSIVE;
				CLANG_WARN_UNREACHABLE_CODE = YES;
				CLANG_WARN__DUPLICATE_METHOD_MATCH = YES;
				COPY_PHASE_STRIP = NO;
				DEBUG_INFORMATION_FORMAT = "dwarf-with-dsym";
				ENABLE_NS_ASSERTIONS = NO;
				ENABLE_STRICT_OBJC_MSGSEND = YES;
				GCC_C_LANGUAGE_STANDARD = gnu11;
				GCC_NO_COMMON_BLOCKS = YES;
				GCC_WARN_64_TO_32_BIT_CONVERSION = YES;
				GCC_WARN_ABOUT_RETURN_TYPE = YES_ERROR;
				GCC_WARN_UNDECLARED_SELECTOR = YES;
				GCC_WARN_UNINITIALIZED_AUTOS = YES_AGGRESSIVE;
				GCC_WARN_UNUSED_FUNCTION = YES;
				GCC_WARN_UNUSED_VARIABLE = YES;
				IPHONEOS_DEPLOYMENT_TARGET = 16.0;
				MTL_ENABLE_DEBUG_INFO = NO;
				MTL_FAST_MATH = YES;
				SDKROOT = iphoneos;
				SWIFT_COMPILATION_MODE = wholemodule;
				SWIFT_OPTIMIZATION_LEVEL = "-O";
				VALIDATE_PRODUCT = YES;
			};
			name = Release;
		};
		127D9B6F28ED15B600A6B08B /* Debug */ = {
			isa = XCBuildConfiguration;
			buildSettings = {
				ASSETCATALOG_COMPILER_APPICON_NAME = AppIcon;
				ASSETCATALOG_COMPILER_GLOBAL_ACCENT_COLOR_NAME = AccentColor;
				CODE_SIGN_ENTITLEMENTS = SeSACFirebase/SeSACFirebase.entitlements;
				CODE_SIGN_STYLE = Automatic;
				CURRENT_PROJECT_VERSION = 1;
				DEBUG_INFORMATION_FORMAT = "dwarf-with-dsym";
				DEVELOPMENT_TEAM = 9QNSJTHSUQ;
				GENERATE_INFOPLIST_FILE = YES;
				INFOPLIST_FILE = SeSACFirebase/Info.plist;
				INFOPLIST_KEY_UIApplicationSupportsIndirectInputEvents = YES;
				INFOPLIST_KEY_UILaunchStoryboardName = LaunchScreen;
				INFOPLIST_KEY_UIMainStoryboardFile = Main;
				INFOPLIST_KEY_UISupportedInterfaceOrientations_iPad = "UIInterfaceOrientationPortrait UIInterfaceOrientationPortraitUpsideDown UIInterfaceOrientationLandscapeLeft UIInterfaceOrientationLandscapeRight";
				INFOPLIST_KEY_UISupportedInterfaceOrientations_iPhone = "UIInterfaceOrientationPortrait UIInterfaceOrientationLandscapeLeft UIInterfaceOrientationLandscapeRight";
				LD_RUNPATH_SEARCH_PATHS = (
					"$(inherited)",
					"@executable_path/Frameworks",
				);
				MARKETING_VERSION = 1.0;
				PRODUCT_BUNDLE_IDENTIFIER = com.joongwon.SeSACFirebase;
				PRODUCT_NAME = "$(TARGET_NAME)";
				SWIFT_EMIT_LOC_STRINGS = YES;
				SWIFT_VERSION = 5.0;
				TARGETED_DEVICE_FAMILY = "1,2";
			};
			name = Debug;
		};
		127D9B7028ED15B600A6B08B /* Release */ = {
			isa = XCBuildConfiguration;
			buildSettings = {
				ASSETCATALOG_COMPILER_APPICON_NAME = AppIcon;
				ASSETCATALOG_COMPILER_GLOBAL_ACCENT_COLOR_NAME = AccentColor;
				CODE_SIGN_ENTITLEMENTS = SeSACFirebase/SeSACFirebase.entitlements;
				CODE_SIGN_STYLE = Automatic;
				CURRENT_PROJECT_VERSION = 1;
				DEVELOPMENT_TEAM = 9QNSJTHSUQ;
				GENERATE_INFOPLIST_FILE = YES;
				INFOPLIST_FILE = SeSACFirebase/Info.plist;
				INFOPLIST_KEY_UIApplicationSupportsIndirectInputEvents = YES;
				INFOPLIST_KEY_UILaunchStoryboardName = LaunchScreen;
				INFOPLIST_KEY_UIMainStoryboardFile = Main;
				INFOPLIST_KEY_UISupportedInterfaceOrientations_iPad = "UIInterfaceOrientationPortrait UIInterfaceOrientationPortraitUpsideDown UIInterfaceOrientationLandscapeLeft UIInterfaceOrientationLandscapeRight";
				INFOPLIST_KEY_UISupportedInterfaceOrientations_iPhone = "UIInterfaceOrientationPortrait UIInterfaceOrientationLandscapeLeft UIInterfaceOrientationLandscapeRight";
				LD_RUNPATH_SEARCH_PATHS = (
					"$(inherited)",
					"@executable_path/Frameworks",
				);
				MARKETING_VERSION = 1.0;
				PRODUCT_BUNDLE_IDENTIFIER = com.joongwon.SeSACFirebase;
				PRODUCT_NAME = "$(TARGET_NAME)";
				SWIFT_EMIT_LOC_STRINGS = YES;
				SWIFT_VERSION = 5.0;
				TARGETED_DEVICE_FAMILY = "1,2";
			};
			name = Release;
		};
/* End XCBuildConfiguration section */

/* Begin XCConfigurationList section */
		127D9B5528ED15B600A6B08B /* Build configuration list for PBXProject "SeSACFirebase" */ = {
			isa = XCConfigurationList;
			buildConfigurations = (
				127D9B6C28ED15B600A6B08B /* Debug */,
				127D9B6D28ED15B600A6B08B /* Release */,
			);
			defaultConfigurationIsVisible = 0;
			defaultConfigurationName = Release;
		};
		127D9B6E28ED15B600A6B08B /* Build configuration list for PBXNativeTarget "SeSACFirebase" */ = {
			isa = XCConfigurationList;
			buildConfigurations = (
				127D9B6F28ED15B600A6B08B /* Debug */,
				127D9B7028ED15B600A6B08B /* Release */,
			);
			defaultConfigurationIsVisible = 0;
			defaultConfigurationName = Release;
		};
/* End XCConfigurationList section */

/* Begin XCRemoteSwiftPackageReference section */
		120E919828F4EE0C00ED5518 /* XCRemoteSwiftPackageReference "firebase-ios-sdk" */ = {
			isa = XCRemoteSwiftPackageReference;
			repositoryURL = "https://github.com/firebase/firebase-ios-sdk";
			requirement = {
				kind = upToNextMajorVersion;
				minimumVersion = 9.0.0;
			};
		};
		1271DACF28F794140026A7A6 /* XCRemoteSwiftPackageReference "realm-swift" */ = {
			isa = XCRemoteSwiftPackageReference;
			repositoryURL = "https://github.com/realm/realm-swift.git";
			requirement = {
				kind = upToNextMajorVersion;
				minimumVersion = 10.31.0;
			};
		};
/* End XCRemoteSwiftPackageReference section */

/* Begin XCSwiftPackageProductDependency section */
		120E919928F4EE0C00ED5518 /* FirebaseAnalyticsWithoutAdIdSupport */ = {
			isa = XCSwiftPackageProductDependency;
			package = 120E919828F4EE0C00ED5518 /* XCRemoteSwiftPackageReference "firebase-ios-sdk" */;
			productName = FirebaseAnalyticsWithoutAdIdSupport;
		};
		120E919B28F4EE0C00ED5518 /* FirebaseCrashlytics */ = {
			isa = XCSwiftPackageProductDependency;
			package = 120E919828F4EE0C00ED5518 /* XCRemoteSwiftPackageReference "firebase-ios-sdk" */;
			productName = FirebaseCrashlytics;
		};
		120E919D28F4EE0C00ED5518 /* FirebaseMessaging */ = {
			isa = XCSwiftPackageProductDependency;
			package = 120E919828F4EE0C00ED5518 /* XCRemoteSwiftPackageReference "firebase-ios-sdk" */;
			productName = FirebaseMessaging;
		};
		1271DAD028F794140026A7A6 /* Realm */ = {
			isa = XCSwiftPackageProductDependency;
			package = 1271DACF28F794140026A7A6 /* XCRemoteSwiftPackageReference "realm-swift" */;
			productName = Realm;
		};
		1271DAD228F794140026A7A6 /* RealmSwift */ = {
			isa = XCSwiftPackageProductDependency;
			package = 1271DACF28F794140026A7A6 /* XCRemoteSwiftPackageReference "realm-swift" */;
			productName = RealmSwift;
		};
/* End XCSwiftPackageProductDependency section */
	};
	rootObject = 127D9B5228ED15B600A6B08B /* Project object */;
}
